
Microsoft Visual Studio Solution File, Format Version 12.00
# Visual Studio Version 17
VisualStudioVersion = 17.1.32210.238
MinimumVisualStudioVersion = 10.0.40219.1
Project("{FAE04EC0-301F-11D3-BF4B-00C04F79EFBC}") = "CshaarpBasic", "CshaarpBasic\CshaarpBasic.csproj", "{709B7172-13BD-495D-A276-974476E1F0CB}"
EndProject
Global
	GlobalSection(SolutionConfigurationPlatforms) = preSolution
		Debug|Any CPU = Debug|Any CPU
		Release|Any CPU = Release|Any CPU
	EndGlobalSection
	GlobalSection(ProjectConfigurationPlatforms) = postSolution
		{709B7172-13BD-495D-A276-974476E1F0CB}.Debug|Any CPU.ActiveCfg = Debug|Any CPU
		{709B7172-13BD-495D-A276-974476E1F0CB}.Debug|Any CPU.Build.0 = Debug|Any CPU
		{709B7172-13BD-495D-A276-974476E1F0CB}.Release|Any CPU.ActiveCfg = Release|Any CPU
		{709B7172-13BD-495D-A276-974476E1F0CB}.Release|Any CPU.Build.0 = Release|Any CPU
	EndGlobalSection
	GlobalSection(SolutionProperties) = preSolution
		HideSolutionNode = FALSE
	EndGlobalSection
	GlobalSection(ExtensibilityGlobals) = postSolution
		SolutionGuid = {D36956D2-0841-491C-8F1A-39896A4AB311}
	EndGlobalSection
EndGlobal
